
Microsoft Visual Studio Solution File, Format Version 12.00
# Visual Studio 15
VisualStudioVersion = 15.0.28307.106
MinimumVisualStudioVersion = 10.0.40219.1
Project("{2150E333-8FDC-42A3-9474-1A3956D46DE8}") = "tests", "tests", "{E0E32823-D4CF-42CA-934F-311241125EC3}"
EndProject
Project("{2150E333-8FDC-42A3-9474-1A3956D46DE8}") = "src", "src", "{2E6D65AD-C8C0-416D-A2C7-44B6341C601C}"
EndProject
Project("{2150E333-8FDC-42A3-9474-1A3956D46DE8}") = "Common", "Common", "{8336ACDF-D524-44F1-A5BB-2CDA68378DA7}"
EndProject
Project("{2150E333-8FDC-42A3-9474-1A3956D46DE8}") = "Core", "Core", "{CEDE7A86-1CB6-4ED9-887F-3C9D3B89D25E}"
EndProject
Project("{2150E333-8FDC-42A3-9474-1A3956D46DE8}") = "Infrastructure", "Infrastructure", "{6329CD73-F43C-4B12-8F03-350D8D8FC00F}"
EndProject
Project("{2150E333-8FDC-42A3-9474-1A3956D46DE8}") = "Presentation", "Presentation", "{C02EFBBA-F31A-4D8B-A959-3E3546A0A04A}"
EndProject
Project("{9A19103F-16F7-4668-BE54-9A1E7A4F7556}") = "BudgetScale.Application.Tests", "tests\BudgetScale.Application.Tests\BudgetScale.Application.Tests.csproj", "{579131CB-C381-472F-A3B0-F72E871B36C5}"
EndProject
Project("{9A19103F-16F7-4668-BE54-9A1E7A4F7556}") = "BudgetScale.Infrastructure.Tests", "tests\BudgetScale.Infrastructure.Tests\BudgetScale.Infrastructure.Tests.csproj", "{B3F881DB-BD19-4147-B7E2-5048956CA0C8}"
EndProject
Project("{9A19103F-16F7-4668-BE54-9A1E7A4F7556}") = "BudgetTracker.Common", "src\BudgetTracker.Common\BudgetTracker.Common.csproj", "{8D15A285-1EA0-4880-B21D-AEAAF972FA91}"
EndProject
Project("{9A19103F-16F7-4668-BE54-9A1E7A4F7556}") = "BudgetScale.Application", "src\BudgetScale.Application\BudgetScale.Application.csproj", "{4877C2EF-2B81-47D7-AD5A-C75764E355D4}"
EndProject
Project("{9A19103F-16F7-4668-BE54-9A1E7A4F7556}") = "BudgetScale.Domain", "src\BudgetScale.Domain\BudgetScale.Domain.csproj", "{75210071-6270-4E20-B309-A75629C70237}"
EndProject
Project("{9A19103F-16F7-4668-BE54-9A1E7A4F7556}") = "BudgetScale.Infrastructure", "src\BudgetScale.Infrastructure\BudgetScale.Infrastructure.csproj", "{7B35B2C1-AB40-46A8-A79D-AF2A477004A2}"
EndProject
Project("{9A19103F-16F7-4668-BE54-9A1E7A4F7556}") = "BudgetScale.Persistence", "src\BudgetScale.Persistence\BudgetScale.Persistence.csproj", "{986AF48E-10E1-4E03-8BCF-D73A3FC978F8}"
EndProject
Project("{9A19103F-16F7-4668-BE54-9A1E7A4F7556}") = "BudgetScale.WebUI", "src\BudgetScale.WebUI\BudgetScale.WebUI.csproj", "{259A7E08-E814-4D72-8369-33709A3C5B00}"
EndProject
Global
	GlobalSection(SolutionConfigurationPlatforms) = preSolution
		Debug|Any CPU = Debug|Any CPU
		Release|Any CPU = Release|Any CPU
	EndGlobalSection
	GlobalSection(ProjectConfigurationPlatforms) = postSolution
		{579131CB-C381-472F-A3B0-F72E871B36C5}.Debug|Any CPU.ActiveCfg = Debug|Any CPU
		{579131CB-C381-472F-A3B0-F72E871B36C5}.Debug|Any CPU.Build.0 = Debug|Any CPU
		{579131CB-C381-472F-A3B0-F72E871B36C5}.Release|Any CPU.ActiveCfg = Release|Any CPU
		{579131CB-C381-472F-A3B0-F72E871B36C5}.Release|Any CPU.Build.0 = Release|Any CPU
		{B3F881DB-BD19-4147-B7E2-5048956CA0C8}.Debug|Any CPU.ActiveCfg = Debug|Any CPU
		{B3F881DB-BD19-4147-B7E2-5048956CA0C8}.Debug|Any CPU.Build.0 = Debug|Any CPU
		{B3F881DB-BD19-4147-B7E2-5048956CA0C8}.Release|Any CPU.ActiveCfg = Release|Any CPU
		{B3F881DB-BD19-4147-B7E2-5048956CA0C8}.Release|Any CPU.Build.0 = Release|Any CPU
		{8D15A285-1EA0-4880-B21D-AEAAF972FA91}.Debug|Any CPU.ActiveCfg = Debug|Any CPU
		{8D15A285-1EA0-4880-B21D-AEAAF972FA91}.Debug|Any CPU.Build.0 = Debug|Any CPU
		{8D15A285-1EA0-4880-B21D-AEAAF972FA91}.Release|Any CPU.ActiveCfg = Release|Any CPU
		{8D15A285-1EA0-4880-B21D-AEAAF972FA91}.Release|Any CPU.Build.0 = Release|Any CPU
		{4877C2EF-2B81-47D7-AD5A-C75764E355D4}.Debug|Any CPU.ActiveCfg = Debug|Any CPU
		{4877C2EF-2B81-47D7-AD5A-C75764E355D4}.Debug|Any CPU.Build.0 = Debug|Any CPU
		{4877C2EF-2B81-47D7-AD5A-C75764E355D4}.Release|Any CPU.ActiveCfg = Release|Any CPU
		{4877C2EF-2B81-47D7-AD5A-C75764E355D4}.Release|Any CPU.Build.0 = Release|Any CPU
		{75210071-6270-4E20-B309-A75629C70237}.Debug|Any CPU.ActiveCfg = Debug|Any CPU
		{75210071-6270-4E20-B309-A75629C70237}.Debug|Any CPU.Build.0 = Debug|Any CPU
		{75210071-6270-4E20-B309-A75629C70237}.Release|Any CPU.ActiveCfg = Release|Any CPU
		{75210071-6270-4E20-B309-A75629C70237}.Release|Any CPU.Build.0 = Release|Any CPU
		{7B35B2C1-AB40-46A8-A79D-AF2A477004A2}.Debug|Any CPU.ActiveCfg = Debug|Any CPU
		{7B35B2C1-AB40-46A8-A79D-AF2A477004A2}.Debug|Any CPU.Build.0 = Debug|Any CPU
		{7B35B2C1-AB40-46A8-A79D-AF2A477004A2}.Release|Any CPU.ActiveCfg = Release|Any CPU
		{7B35B2C1-AB40-46A8-A79D-AF2A477004A2}.Release|Any CPU.Build.0 = Release|Any CPU
		{986AF48E-10E1-4E03-8BCF-D73A3FC978F8}.Debug|Any CPU.ActiveCfg = Debug|Any CPU
		{986AF48E-10E1-4E03-8BCF-D73A3FC978F8}.Debug|Any CPU.Build.0 = Debug|Any CPU
		{986AF48E-10E1-4E03-8BCF-D73A3FC978F8}.Release|Any CPU.ActiveCfg = Release|Any CPU
		{986AF48E-10E1-4E03-8BCF-D73A3FC978F8}.Release|Any CPU.Build.0 = Release|Any CPU
		{259A7E08-E814-4D72-8369-33709A3C5B00}.Debug|Any CPU.ActiveCfg = Debug|Any CPU
		{259A7E08-E814-4D72-8369-33709A3C5B00}.Debug|Any CPU.Build.0 = Debug|Any CPU
		{259A7E08-E814-4D72-8369-33709A3C5B00}.Release|Any CPU.ActiveCfg = Release|Any CPU
		{259A7E08-E814-4D72-8369-33709A3C5B00}.Release|Any CPU.Build.0 = Release|Any CPU
	EndGlobalSection
	GlobalSection(SolutionProperties) = preSolution
		HideSolutionNode = FALSE
	EndGlobalSection
	GlobalSection(NestedProjects) = preSolution
		{8336ACDF-D524-44F1-A5BB-2CDA68378DA7} = {2E6D65AD-C8C0-416D-A2C7-44B6341C601C}
		{CEDE7A86-1CB6-4ED9-887F-3C9D3B89D25E} = {2E6D65AD-C8C0-416D-A2C7-44B6341C601C}
		{6329CD73-F43C-4B12-8F03-350D8D8FC00F} = {2E6D65AD-C8C0-416D-A2C7-44B6341C601C}
		{C02EFBBA-F31A-4D8B-A959-3E3546A0A04A} = {2E6D65AD-C8C0-416D-A2C7-44B6341C601C}
		{579131CB-C381-472F-A3B0-F72E871B36C5} = {E0E32823-D4CF-42CA-934F-311241125EC3}
		{B3F881DB-BD19-4147-B7E2-5048956CA0C8} = {E0E32823-D4CF-42CA-934F-311241125EC3}
		{8D15A285-1EA0-4880-B21D-AEAAF972FA91} = {8336ACDF-D524-44F1-A5BB-2CDA68378DA7}
		{4877C2EF-2B81-47D7-AD5A-C75764E355D4} = {CEDE7A86-1CB6-4ED9-887F-3C9D3B89D25E}
		{75210071-6270-4E20-B309-A75629C70237} = {CEDE7A86-1CB6-4ED9-887F-3C9D3B89D25E}
		{7B35B2C1-AB40-46A8-A79D-AF2A477004A2} = {6329CD73-F43C-4B12-8F03-350D8D8FC00F}
		{986AF48E-10E1-4E03-8BCF-D73A3FC978F8} = {6329CD73-F43C-4B12-8F03-350D8D8FC00F}
		{259A7E08-E814-4D72-8369-33709A3C5B00} = {C02EFBBA-F31A-4D8B-A959-3E3546A0A04A}
	EndGlobalSection
	GlobalSection(ExtensibilityGlobals) = postSolution
		SolutionGuid = {2D20955D-6031-4D79-A66F-1EBCBCF8C911}
	EndGlobalSection
EndGlobal
